
Microsoft Visual Studio Solution File, Format Version 12.00
# Visual Studio Version 17
VisualStudioVersion = 17.10.35122.118
MinimumVisualStudioVersion = 10.0.40219.1
Project("{888888A0-9F3D-457C-B088-3A5042F75D52}") = "completellama_FinalProject", "completellama_FinalProject\completellama_FinalProject.pyproj", "{3531CDFD-E480-408B-8822-7CEBADFAA084}"
EndProject
Global
	GlobalSection(SolutionConfigurationPlatforms) = preSolution
		Debug|Any CPU = Debug|Any CPU
		Release|Any CPU = Release|Any CPU
	EndGlobalSection
	GlobalSection(ProjectConfigurationPlatforms) = postSolution
		{3531CDFD-E480-408B-8822-7CEBADFAA084}.Debug|Any CPU.ActiveCfg = Debug|Any CPU
		{3531CDFD-E480-408B-8822-7CEBADFAA084}.Release|Any CPU.ActiveCfg = Release|Any CPU
	EndGlobalSection
	GlobalSection(SolutionProperties) = preSolution
		HideSolutionNode = FALSE
	EndGlobalSection
	GlobalSection(ExtensibilityGlobals) = postSolution
		SolutionGuid = {BB6DF207-FF36-4ECE-A678-A4AF8A78E940}
	EndGlobalSection
EndGlobal
